
Microsoft Visual Studio Solution File, Format Version 12.00
# Visual Studio 15
VisualStudioVersion = 15.0.27703.2026
MinimumVisualStudioVersion = 10.0.40219.1
Project("{FAE04EC0-301F-11D3-BF4B-00C04F79EFBC}") = "SqlExpression", "SqlExpression\SqlExpression.csproj", "{2C8FAF4B-EB60-4B72-A1E5-1335EE4A89C0}"
EndProject
Project("{FAE04EC0-301F-11D3-BF4B-00C04F79EFBC}") = "SqlExpression.UnitTest", "SqlExpression.UnitTest\SqlExpression.UnitTest.csproj", "{D8E1BDC0-0E96-4F04-B7E5-F7E0FF733A51}"
EndProject
Global
	GlobalSection(SolutionConfigurationPlatforms) = preSolution
		Debug|Any CPU = Debug|Any CPU
		Release|Any CPU = Release|Any CPU
	EndGlobalSection
	GlobalSection(ProjectConfigurationPlatforms) = postSolution
		{2C8FAF4B-EB60-4B72-A1E5-1335EE4A89C0}.Debug|Any CPU.ActiveCfg = Debug|Any CPU
		{2C8FAF4B-EB60-4B72-A1E5-1335EE4A89C0}.Debug|Any CPU.Build.0 = Debug|Any CPU
		{2C8FAF4B-EB60-4B72-A1E5-1335EE4A89C0}.Release|Any CPU.ActiveCfg = Release|Any CPU
		{2C8FAF4B-EB60-4B72-A1E5-1335EE4A89C0}.Release|Any CPU.Build.0 = Release|Any CPU
		{D8E1BDC0-0E96-4F04-B7E5-F7E0FF733A51}.Debug|Any CPU.ActiveCfg = Debug|Any CPU
		{D8E1BDC0-0E96-4F04-B7E5-F7E0FF733A51}.Debug|Any CPU.Build.0 = Debug|Any CPU
		{D8E1BDC0-0E96-4F04-B7E5-F7E0FF733A51}.Release|Any CPU.ActiveCfg = Release|Any CPU
		{D8E1BDC0-0E96-4F04-B7E5-F7E0FF733A51}.Release|Any CPU.Build.0 = Release|Any CPU
	EndGlobalSection
	GlobalSection(SolutionProperties) = preSolution
		HideSolutionNode = FALSE
	EndGlobalSection
	GlobalSection(ExtensibilityGlobals) = postSolution
		SolutionGuid = {643C1065-AE92-4341-8814-49E05E04DD25}
	EndGlobalSection
EndGlobal
